
Microsoft Visual Studio Solution File, Format Version 12.00
# Visual Studio Version 17
VisualStudioVersion = 17.8.34330.188
MinimumVisualStudioVersion = 10.0.40219.1
Project("{9A19103F-16F7-4668-BE54-9A1E7A4F7556}") = "StockKeeper", "StockKeeper\StockKeeper.csproj", "{A710CA5E-2A73-4629-9F7B-B3D46B745385}"
EndProject
Project("{9A19103F-16F7-4668-BE54-9A1E7A4F7556}") = "StockKeeper.Android", "StockKeeper.Android\StockKeeper.Android.csproj", "{56BD59BF-5D1F-485D-9205-8D763C2E75D4}"
EndProject
Project("{9A19103F-16F7-4668-BE54-9A1E7A4F7556}") = "StockKeeper.Desktop", "StockKeeper.Desktop\StockKeeper.Desktop.csproj", "{9DC6998C-FD78-4FE6-8265-5B8D3E139BAE}"
EndProject
Global
	GlobalSection(SolutionConfigurationPlatforms) = preSolution
		Debug|Any CPU = Debug|Any CPU
		Release|Any CPU = Release|Any CPU
	EndGlobalSection
	GlobalSection(ProjectConfigurationPlatforms) = postSolution
		{A710CA5E-2A73-4629-9F7B-B3D46B745385}.Debug|Any CPU.ActiveCfg = Debug|Any CPU
		{A710CA5E-2A73-4629-9F7B-B3D46B745385}.Debug|Any CPU.Build.0 = Debug|Any CPU
		{A710CA5E-2A73-4629-9F7B-B3D46B745385}.Release|Any CPU.ActiveCfg = Release|Any CPU
		{A710CA5E-2A73-4629-9F7B-B3D46B745385}.Release|Any CPU.Build.0 = Release|Any CPU
		{56BD59BF-5D1F-485D-9205-8D763C2E75D4}.Debug|Any CPU.ActiveCfg = Debug|Any CPU
		{56BD59BF-5D1F-485D-9205-8D763C2E75D4}.Debug|Any CPU.Build.0 = Debug|Any CPU
		{56BD59BF-5D1F-485D-9205-8D763C2E75D4}.Release|Any CPU.ActiveCfg = Release|Any CPU
		{56BD59BF-5D1F-485D-9205-8D763C2E75D4}.Release|Any CPU.Build.0 = Release|Any CPU
		{9DC6998C-FD78-4FE6-8265-5B8D3E139BAE}.Debug|Any CPU.ActiveCfg = Debug|Any CPU
		{9DC6998C-FD78-4FE6-8265-5B8D3E139BAE}.Debug|Any CPU.Build.0 = Debug|Any CPU
		{9DC6998C-FD78-4FE6-8265-5B8D3E139BAE}.Release|Any CPU.ActiveCfg = Release|Any CPU
		{9DC6998C-FD78-4FE6-8265-5B8D3E139BAE}.Release|Any CPU.Build.0 = Release|Any CPU
	EndGlobalSection
	GlobalSection(SolutionProperties) = preSolution
		HideSolutionNode = FALSE
	EndGlobalSection
	GlobalSection(ExtensibilityGlobals) = postSolution
		SolutionGuid = {70F3D788-8556-4AC5-8A72-7B6C44EA992E}
	EndGlobalSection
EndGlobal
